
Microsoft Visual Studio Solution File, Format Version 12.00
# Visual Studio 15
VisualStudioVersion = 15.0.26430.6
MinimumVisualStudioVersion = 10.0.40219.1
Project("{D954291E-2A0B-460D-934E-DC6B0785DB48}") = "Prototype", "Prototype\Prototype\Prototype.shproj", "{7DD12F5B-CA05-42CA-B138-F4EC1E2DC4C1}"
EndProject
Project("{FAE04EC0-301F-11D3-BF4B-00C04F79EFBC}") = "Prototype.Android", "Prototype\Prototype.Android\Prototype.Android.csproj", "{56EC61C6-1670-4DAD-BA8E-9F3FFA6276AC}"
EndProject
Project("{FAE04EC0-301F-11D3-BF4B-00C04F79EFBC}") = "Prototype.iOS", "Prototype\Prototype.iOS\Prototype.iOS.csproj", "{97A9DE53-62D3-46C3-A457-E350DBF392B9}"
EndProject
Project("{FAE04EC0-301F-11D3-BF4B-00C04F79EFBC}") = "Prototype.UITest", "Prototype.UITest\Prototype.UITest.csproj", "{13E7F2F3-8010-4CB1-8D83-0500AD2CC6A8}"
EndProject
Global
	GlobalSection(SharedMSBuildProjectFiles) = preSolution
		Prototype\Prototype\Prototype.projitems*{56ec61c6-1670-4dad-ba8e-9f3ffa6276ac}*SharedItemsImports = 4
		Prototype\Prototype\Prototype.projitems*{7dd12f5b-ca05-42ca-b138-f4ec1e2dc4c1}*SharedItemsImports = 13
		Prototype\Prototype\Prototype.projitems*{97a9de53-62d3-46c3-a457-e350dbf392b9}*SharedItemsImports = 4
	EndGlobalSection
	GlobalSection(SolutionConfigurationPlatforms) = preSolution
		Ad-Hoc|Any CPU = Ad-Hoc|Any CPU
		Ad-Hoc|ARM = Ad-Hoc|ARM
		Ad-Hoc|iPhone = Ad-Hoc|iPhone
		Ad-Hoc|iPhoneSimulator = Ad-Hoc|iPhoneSimulator
		Ad-Hoc|x64 = Ad-Hoc|x64
		Ad-Hoc|x86 = Ad-Hoc|x86
		AppStore|Any CPU = AppStore|Any CPU
		AppStore|ARM = AppStore|ARM
		AppStore|iPhone = AppStore|iPhone
		AppStore|iPhoneSimulator = AppStore|iPhoneSimulator
		AppStore|x64 = AppStore|x64
		AppStore|x86 = AppStore|x86
		Debug|Any CPU = Debug|Any CPU
		Debug|ARM = Debug|ARM
		Debug|iPhone = Debug|iPhone
		Debug|iPhoneSimulator = Debug|iPhoneSimulator
		Debug|x64 = Debug|x64
		Debug|x86 = Debug|x86
		Release|Any CPU = Release|Any CPU
		Release|ARM = Release|ARM
		Release|iPhone = Release|iPhone
		Release|iPhoneSimulator = Release|iPhoneSimulator
		Release|x64 = Release|x64
		Release|x86 = Release|x86
	EndGlobalSection
	GlobalSection(ProjectConfigurationPlatforms) = postSolution
		{56EC61C6-1670-4DAD-BA8E-9F3FFA6276AC}.Ad-Hoc|Any CPU.ActiveCfg = Release|Any CPU
		{56EC61C6-1670-4DAD-BA8E-9F3FFA6276AC}.Ad-Hoc|Any CPU.Build.0 = Release|Any CPU
		{56EC61C6-1670-4DAD-BA8E-9F3FFA6276AC}.Ad-Hoc|Any CPU.Deploy.0 = Release|Any CPU
		{56EC61C6-1670-4DAD-BA8E-9F3FFA6276AC}.Ad-Hoc|ARM.ActiveCfg = Release|Any CPU
		{56EC61C6-1670-4DAD-BA8E-9F3FFA6276AC}.Ad-Hoc|ARM.Build.0 = Release|Any CPU
		{56EC61C6-1670-4DAD-BA8E-9F3FFA6276AC}.Ad-Hoc|ARM.Deploy.0 = Release|Any CPU
		{56EC61C6-1670-4DAD-BA8E-9F3FFA6276AC}.Ad-Hoc|iPhone.ActiveCfg = Release|Any CPU
		{56EC61C6-1670-4DAD-BA8E-9F3FFA6276AC}.Ad-Hoc|iPhone.Build.0 = Release|Any CPU
		{56EC61C6-1670-4DAD-BA8E-9F3FFA6276AC}.Ad-Hoc|iPhone.Deploy.0 = Release|Any CPU
		{56EC61C6-1670-4DAD-BA8E-9F3FFA6276AC}.Ad-Hoc|iPhoneSimulator.ActiveCfg = Release|Any CPU
		{56EC61C6-1670-4DAD-BA8E-9F3FFA6276AC}.Ad-Hoc|iPhoneSimulator.Build.0 = Release|Any CPU
		{56EC61C6-1670-4DAD-BA8E-9F3FFA6276AC}.Ad-Hoc|iPhoneSimulator.Deploy.0 = Release|Any CPU
		{56EC61C6-1670-4DAD-BA8E-9F3FFA6276AC}.Ad-Hoc|x64.ActiveCfg = Release|Any CPU
		{56EC61C6-1670-4DAD-BA8E-9F3FFA6276AC}.Ad-Hoc|x64.Build.0 = Release|Any CPU
		{56EC61C6-1670-4DAD-BA8E-9F3FFA6276AC}.Ad-Hoc|x64.Deploy.0 = Release|Any CPU
		{56EC61C6-1670-4DAD-BA8E-9F3FFA6276AC}.Ad-Hoc|x86.ActiveCfg = Release|Any CPU
		{56EC61C6-1670-4DAD-BA8E-9F3FFA6276AC}.Ad-Hoc|x86.Build.0 = Release|Any CPU
		{56EC61C6-1670-4DAD-BA8E-9F3FFA6276AC}.Ad-Hoc|x86.Deploy.0 = Release|Any CPU
		{56EC61C6-1670-4DAD-BA8E-9F3FFA6276AC}.AppStore|Any CPU.ActiveCfg = Release|Any CPU
		{56EC61C6-1670-4DAD-BA8E-9F3FFA6276AC}.AppStore|Any CPU.Build.0 = Release|Any CPU
		{56EC61C6-1670-4DAD-BA8E-9F3FFA6276AC}.AppStore|Any CPU.Deploy.0 = Release|Any CPU
		{56EC61C6-1670-4DAD-BA8E-9F3FFA6276AC}.AppStore|ARM.ActiveCfg = Release|Any CPU
		{56EC61C6-1670-4DAD-BA8E-9F3FFA6276AC}.AppStore|ARM.Build.0 = Release|Any CPU
		{56EC61C6-1670-4DAD-BA8E-9F3FFA6276AC}.AppStore|ARM.Deploy.0 = Release|Any CPU
		{56EC61C6-1670-4DAD-BA8E-9F3FFA6276AC}.AppStore|iPhone.ActiveCfg = Release|Any CPU
		{56EC61C6-1670-4DAD-BA8E-9F3FFA6276AC}.AppStore|iPhone.Build.0 = Release|Any CPU
		{56EC61C6-1670-4DAD-BA8E-9F3FFA6276AC}.AppStore|iPhone.Deploy.0 = Release|Any CPU
		{56EC61C6-1670-4DAD-BA8E-9F3FFA6276AC}.AppStore|iPhoneSimulator.ActiveCfg = Release|Any CPU
		{56EC61C6-1670-4DAD-BA8E-9F3FFA6276AC}.AppStore|iPhoneSimulator.Build.0 = Release|Any CPU
		{56EC61C6-1670-4DAD-BA8E-9F3FFA6276AC}.AppStore|iPhoneSimulator.Deploy.0 = Release|Any CPU
		{56EC61C6-1670-4DAD-BA8E-9F3FFA6276AC}.AppStore|x64.ActiveCfg = Release|Any CPU
		{56EC61C6-1670-4DAD-BA8E-9F3FFA6276AC}.AppStore|x64.Build.0 = Release|Any CPU
		{56EC61C6-1670-4DAD-BA8E-9F3FFA6276AC}.AppStore|x64.Deploy.0 = Release|Any CPU
		{56EC61C6-1670-4DAD-BA8E-9F3FFA6276AC}.AppStore|x86.ActiveCfg = Release|Any CPU
		{56EC61C6-1670-4DAD-BA8E-9F3FFA6276AC}.AppStore|x86.Build.0 = Release|Any CPU
		{56EC61C6-1670-4DAD-BA8E-9F3FFA6276AC}.AppStore|x86.Deploy.0 = Release|Any CPU
		{56EC61C6-1670-4DAD-BA8E-9F3FFA6276AC}.Debug|Any CPU.ActiveCfg = Debug|Any CPU
		{56EC61C6-1670-4DAD-BA8E-9F3FFA6276AC}.Debug|Any CPU.Build.0 = Debug|Any CPU
		{56EC61C6-1670-4DAD-BA8E-9F3FFA6276AC}.Debug|Any CPU.Deploy.0 = Debug|Any CPU
		{56EC61C6-1670-4DAD-BA8E-9F3FFA6276AC}.Debug|ARM.ActiveCfg = Debug|Any CPU
		{56EC61C6-1670-4DAD-BA8E-9F3FFA6276AC}.Debug|ARM.Build.0 = Debug|Any CPU
		{56EC61C6-1670-4DAD-BA8E-9F3FFA6276AC}.Debug|ARM.Deploy.0 = Debug|Any CPU
		{56EC61C6-1670-4DAD-BA8E-9F3FFA6276AC}.Debug|iPhone.ActiveCfg = Debug|Any CPU
		{56EC61C6-1670-4DAD-BA8E-9F3FFA6276AC}.Debug|iPhone.Build.0 = Debug|Any CPU
		{56EC61C6-1670-4DAD-BA8E-9F3FFA6276AC}.Debug|iPhone.Deploy.0 = Debug|Any CPU
		{56EC61C6-1670-4DAD-BA8E-9F3FFA6276AC}.Debug|iPhoneSimulator.ActiveCfg = Debug|Any CPU
		{56EC61C6-1670-4DAD-BA8E-9F3FFA6276AC}.Debug|iPhoneSimulator.Build.0 = Debug|Any CPU
		{56EC61C6-1670-4DAD-BA8E-9F3FFA6276AC}.Debug|iPhoneSimulator.Deploy.0 = Debug|Any CPU
		{56EC61C6-1670-4DAD-BA8E-9F3FFA6276AC}.Debug|x64.ActiveCfg = Debug|Any CPU
		{56EC61C6-1670-4DAD-BA8E-9F3FFA6276AC}.Debug|x64.Build.0 = Debug|Any CPU
		{56EC61C6-1670-4DAD-BA8E-9F3FFA6276AC}.Debug|x64.Deploy.0 = Debug|Any CPU
		{56EC61C6-1670-4DAD-BA8E-9F3FFA6276AC}.Debug|x86.ActiveCfg = Debug|Any CPU
		{56EC61C6-1670-4DAD-BA8E-9F3FFA6276AC}.Debug|x86.Build.0 = Debug|Any CPU
		{56EC61C6-1670-4DAD-BA8E-9F3FFA6276AC}.Debug|x86.Deploy.0 = Debug|Any CPU
		{56EC61C6-1670-4DAD-BA8E-9F3FFA6276AC}.Release|Any CPU.ActiveCfg = Release|Any CPU
		{56EC61C6-1670-4DAD-BA8E-9F3FFA6276AC}.Release|Any CPU.Build.0 = Release|Any CPU
		{56EC61C6-1670-4DAD-BA8E-9F3FFA6276AC}.Release|Any CPU.Deploy.0 = Release|Any CPU
		{56EC61C6-1670-4DAD-BA8E-9F3FFA6276AC}.Release|ARM.ActiveCfg = Release|Any CPU
		{56EC61C6-1670-4DAD-BA8E-9F3FFA6276AC}.Release|ARM.Build.0 = Release|Any CPU
		{56EC61C6-1670-4DAD-BA8E-9F3FFA6276AC}.Release|ARM.Deploy.0 = Release|Any CPU
		{56EC61C6-1670-4DAD-BA8E-9F3FFA6276AC}.Release|iPhone.ActiveCfg = Release|Any CPU
		{56EC61C6-1670-4DAD-BA8E-9F3FFA6276AC}.Release|iPhone.Build.0 = Release|Any CPU
		{56EC61C6-1670-4DAD-BA8E-9F3FFA6276AC}.Release|iPhone.Deploy.0 = Release|Any CPU
		{56EC61C6-1670-4DAD-BA8E-9F3FFA6276AC}.Release|iPhoneSimulator.ActiveCfg = Release|Any CPU
		{56EC61C6-1670-4DAD-BA8E-9F3FFA6276AC}.Release|iPhoneSimulator.Build.0 = Release|Any CPU
		{56EC61C6-1670-4DAD-BA8E-9F3FFA6276AC}.Release|iPhoneSimulator.Deploy.0 = Release|Any CPU
		{56EC61C6-1670-4DAD-BA8E-9F3FFA6276AC}.Release|x64.ActiveCfg = Release|Any CPU
		{56EC61C6-1670-4DAD-BA8E-9F3FFA6276AC}.Release|x64.Build.0 = Release|Any CPU
		{56EC61C6-1670-4DAD-BA8E-9F3FFA6276AC}.Release|x64.Deploy.0 = Release|Any CPU
		{56EC61C6-1670-4DAD-BA8E-9F3FFA6276AC}.Release|x86.ActiveCfg = Release|Any CPU
		{56EC61C6-1670-4DAD-BA8E-9F3FFA6276AC}.Release|x86.Build.0 = Release|Any CPU
		{56EC61C6-1670-4DAD-BA8E-9F3FFA6276AC}.Release|x86.Deploy.0 = Release|Any CPU
		{97A9DE53-62D3-46C3-A457-E350DBF392B9}.Ad-Hoc|Any CPU.ActiveCfg = Ad-Hoc|iPhone
		{97A9DE53-62D3-46C3-A457-E350DBF392B9}.Ad-Hoc|ARM.ActiveCfg = Ad-Hoc|iPhone
		{97A9DE53-62D3-46C3-A457-E350DBF392B9}.Ad-Hoc|iPhone.ActiveCfg = Ad-Hoc|iPhone
		{97A9DE53-62D3-46C3-A457-E350DBF392B9}.Ad-Hoc|iPhone.Build.0 = Ad-Hoc|iPhone
		{97A9DE53-62D3-46C3-A457-E350DBF392B9}.Ad-Hoc|iPhoneSimulator.ActiveCfg = Ad-Hoc|iPhoneSimulator
		{97A9DE53-62D3-46C3-A457-E350DBF392B9}.Ad-Hoc|iPhoneSimulator.Build.0 = Ad-Hoc|iPhoneSimulator
		{97A9DE53-62D3-46C3-A457-E350DBF392B9}.Ad-Hoc|x64.ActiveCfg = Ad-Hoc|iPhone
		{97A9DE53-62D3-46C3-A457-E350DBF392B9}.Ad-Hoc|x86.ActiveCfg = Ad-Hoc|iPhone
		{97A9DE53-62D3-46C3-A457-E350DBF392B9}.AppStore|Any CPU.ActiveCfg = AppStore|iPhone
		{97A9DE53-62D3-46C3-A457-E350DBF392B9}.AppStore|ARM.ActiveCfg = AppStore|iPhone
		{97A9DE53-62D3-46C3-A457-E350DBF392B9}.AppStore|iPhone.ActiveCfg = AppStore|iPhone
		{97A9DE53-62D3-46C3-A457-E350DBF392B9}.AppStore|iPhone.Build.0 = AppStore|iPhone
		{97A9DE53-62D3-46C3-A457-E350DBF392B9}.AppStore|iPhoneSimulator.ActiveCfg = AppStore|iPhoneSimulator
		{97A9DE53-62D3-46C3-A457-E350DBF392B9}.AppStore|iPhoneSimulator.Build.0 = AppStore|iPhoneSimulator
		{97A9DE53-62D3-46C3-A457-E350DBF392B9}.AppStore|x64.ActiveCfg = AppStore|iPhone
		{97A9DE53-62D3-46C3-A457-E350DBF392B9}.AppStore|x86.ActiveCfg = AppStore|iPhone
		{97A9DE53-62D3-46C3-A457-E350DBF392B9}.Debug|Any CPU.ActiveCfg = Debug|iPhone
		{97A9DE53-62D3-46C3-A457-E350DBF392B9}.Debug|ARM.ActiveCfg = Debug|iPhone
		{97A9DE53-62D3-46C3-A457-E350DBF392B9}.Debug|iPhone.ActiveCfg = Debug|iPhone
		{97A9DE53-62D3-46C3-A457-E350DBF392B9}.Debug|iPhone.Build.0 = Debug|iPhone
		{97A9DE53-62D3-46C3-A457-E350DBF392B9}.Debug|iPhoneSimulator.ActiveCfg = Debug|iPhoneSimulator
		{97A9DE53-62D3-46C3-A457-E350DBF392B9}.Debug|iPhoneSimulator.Build.0 = Debug|iPhoneSimulator
		{97A9DE53-62D3-46C3-A457-E350DBF392B9}.Debug|x64.ActiveCfg = Debug|iPhone
		{97A9DE53-62D3-46C3-A457-E350DBF392B9}.Debug|x86.ActiveCfg = Debug|iPhone
		{97A9DE53-62D3-46C3-A457-E350DBF392B9}.Release|Any CPU.ActiveCfg = Release|iPhone
		{97A9DE53-62D3-46C3-A457-E350DBF392B9}.Release|ARM.ActiveCfg = Release|iPhone
		{97A9DE53-62D3-46C3-A457-E350DBF392B9}.Release|iPhone.ActiveCfg = Release|iPhone
		{97A9DE53-62D3-46C3-A457-E350DBF392B9}.Release|iPhone.Build.0 = Release|iPhone
		{97A9DE53-62D3-46C3-A457-E350DBF392B9}.Release|iPhoneSimulator.ActiveCfg = Release|iPhoneSimulator
		{97A9DE53-62D3-46C3-A457-E350DBF392B9}.Release|iPhoneSimulator.Build.0 = Release|iPhoneSimulator
		{97A9DE53-62D3-46C3-A457-E350DBF392B9}.Release|x64.ActiveCfg = Release|iPhone
		{97A9DE53-62D3-46C3-A457-E350DBF392B9}.Release|x86.ActiveCfg = Release|iPhone
		{13E7F2F3-8010-4CB1-8D83-0500AD2CC6A8}.Ad-Hoc|Any CPU.ActiveCfg = Release|Any CPU
		{13E7F2F3-8010-4CB1-8D83-0500AD2CC6A8}.Ad-Hoc|Any CPU.Build.0 = Release|Any CPU
		{13E7F2F3-8010-4CB1-8D83-0500AD2CC6A8}.Ad-Hoc|ARM.ActiveCfg = Release|Any CPU
		{13E7F2F3-8010-4CB1-8D83-0500AD2CC6A8}.Ad-Hoc|ARM.Build.0 = Release|Any CPU
		{13E7F2F3-8010-4CB1-8D83-0500AD2CC6A8}.Ad-Hoc|iPhone.ActiveCfg = Release|Any CPU
		{13E7F2F3-8010-4CB1-8D83-0500AD2CC6A8}.Ad-Hoc|iPhone.Build.0 = Release|Any CPU
		{13E7F2F3-8010-4CB1-8D83-0500AD2CC6A8}.Ad-Hoc|iPhoneSimulator.ActiveCfg = Release|Any CPU
		{13E7F2F3-8010-4CB1-8D83-0500AD2CC6A8}.Ad-Hoc|iPhoneSimulator.Build.0 = Release|Any CPU
		{13E7F2F3-8010-4CB1-8D83-0500AD2CC6A8}.Ad-Hoc|x64.ActiveCfg = Release|Any CPU
		{13E7F2F3-8010-4CB1-8D83-0500AD2CC6A8}.Ad-Hoc|x64.Build.0 = Release|Any CPU
		{13E7F2F3-8010-4CB1-8D83-0500AD2CC6A8}.Ad-Hoc|x86.ActiveCfg = Release|Any CPU
		{13E7F2F3-8010-4CB1-8D83-0500AD2CC6A8}.Ad-Hoc|x86.Build.0 = Release|Any CPU
		{13E7F2F3-8010-4CB1-8D83-0500AD2CC6A8}.AppStore|Any CPU.ActiveCfg = Release|Any CPU
		{13E7F2F3-8010-4CB1-8D83-0500AD2CC6A8}.AppStore|Any CPU.Build.0 = Release|Any CPU
		{13E7F2F3-8010-4CB1-8D83-0500AD2CC6A8}.AppStore|ARM.ActiveCfg = Release|Any CPU
		{13E7F2F3-8010-4CB1-8D83-0500AD2CC6A8}.AppStore|ARM.Build.0 = Release|Any CPU
		{13E7F2F3-8010-4CB1-8D83-0500AD2CC6A8}.AppStore|iPhone.ActiveCfg = Release|Any CPU
		{13E7F2F3-8010-4CB1-8D83-0500AD2CC6A8}.AppStore|iPhone.Build.0 = Release|Any CPU
		{13E7F2F3-8010-4CB1-8D83-0500AD2CC6A8}.AppStore|iPhoneSimulator.ActiveCfg = Release|Any CPU
		{13E7F2F3-8010-4CB1-8D83-0500AD2CC6A8}.AppStore|iPhoneSimulator.Build.0 = Release|Any CPU
		{13E7F2F3-8010-4CB1-8D83-0500AD2CC6A8}.AppStore|x64.ActiveCfg = Release|Any CPU
		{13E7F2F3-8010-4CB1-8D83-0500AD2CC6A8}.AppStore|x64.Build.0 = Release|Any CPU
		{13E7F2F3-8010-4CB1-8D83-0500AD2CC6A8}.AppStore|x86.ActiveCfg = Release|Any CPU
		{13E7F2F3-8010-4CB1-8D83-0500AD2CC6A8}.AppStore|x86.Build.0 = Release|Any CPU
		{13E7F2F3-8010-4CB1-8D83-0500AD2CC6A8}.Debug|Any CPU.ActiveCfg = Debug|Any CPU
		{13E7F2F3-8010-4CB1-8D83-0500AD2CC6A8}.Debug|Any CPU.Build.0 = Debug|Any CPU
		{13E7F2F3-8010-4CB1-8D83-0500AD2CC6A8}.Debug|ARM.ActiveCfg = Debug|Any CPU
		{13E7F2F3-8010-4CB1-8D83-0500AD2CC6A8}.Debug|ARM.Build.0 = Debug|Any CPU
		{13E7F2F3-8010-4CB1-8D83-0500AD2CC6A8}.Debug|iPhone.ActiveCfg = Debug|Any CPU
		{13E7F2F3-8010-4CB1-8D83-0500AD2CC6A8}.Debug|iPhone.Build.0 = Debug|Any CPU
		{13E7F2F3-8010-4CB1-8D83-0500AD2CC6A8}.Debug|iPhoneSimulator.ActiveCfg = Debug|Any CPU
		{13E7F2F3-8010-4CB1-8D83-0500AD2CC6A8}.Debug|iPhoneSimulator.Build.0 = Debug|Any CPU
		{13E7F2F3-8010-4CB1-8D83-0500AD2CC6A8}.Debug|x64.ActiveCfg = Debug|Any CPU
		{13E7F2F3-8010-4CB1-8D83-0500AD2CC6A8}.Debug|x64.Build.0 = Debug|Any CPU
		{13E7F2F3-8010-4CB1-8D83-0500AD2CC6A8}.Debug|x86.ActiveCfg = Debug|Any CPU
		{13E7F2F3-8010-4CB1-8D83-0500AD2CC6A8}.Debug|x86.Build.0 = Debug|Any CPU
		{13E7F2F3-8010-4CB1-8D83-0500AD2CC6A8}.Release|Any CPU.ActiveCfg = Release|Any CPU
		{13E7F2F3-8010-4CB1-8D83-0500AD2CC6A8}.Release|Any CPU.Build.0 = Release|Any CPU
		{13E7F2F3-8010-4CB1-8D83-0500AD2CC6A8}.Release|ARM.ActiveCfg = Release|Any CPU
		{13E7F2F3-8010-4CB1-8D83-0500AD2CC6A8}.Release|ARM.Build.0 = Release|Any CPU
		{13E7F2F3-8010-4CB1-8D83-0500AD2CC6A8}.Release|iPhone.ActiveCfg = Release|Any CPU
		{13E7F2F3-8010-4CB1-8D83-0500AD2CC6A8}.Release|iPhone.Build.0 = Release|Any CPU
		{13E7F2F3-8010-4CB1-8D83-0500AD2CC6A8}.Release|iPhoneSimulator.ActiveCfg = Release|Any CPU
		{13E7F2F3-8010-4CB1-8D83-0500AD2CC6A8}.Release|iPhoneSimulator.Build.0 = Release|Any CPU
		{13E7F2F3-8010-4CB1-8D83-0500AD2CC6A8}.Release|x64.ActiveCfg = Release|Any CPU
		{13E7F2F3-8010-4CB1-8D83-0500AD2CC6A8}.Release|x64.Build.0 = Release|Any CPU
		{13E7F2F3-8010-4CB1-8D83-0500AD2CC6A8}.Release|x86.ActiveCfg = Release|Any CPU
		{13E7F2F3-8010-4CB1-8D83-0500AD2CC6A8}.Release|x86.Build.0 = Release|Any CPU
	EndGlobalSection
	GlobalSection(SolutionProperties) = preSolution
		HideSolutionNode = FALSE
	EndGlobalSection
EndGlobal
