
Microsoft Visual Studio Solution File, Format Version 12.00
# Visual Studio 15
VisualStudioVersion = 15.0.26323.1
MinimumVisualStudioVersion = 10.0.40219.1
Project("{D954291E-2A0B-460D-934E-DC6B0785DB48}") = "Prototype", "Prototype\Prototype\Prototype.shproj", "{D76C2666-F5AD-4C5A-A3E5-B4B0C6A18560}"
EndProject
Project("{FAE04EC0-301F-11D3-BF4B-00C04F79EFBC}") = "Prototype.Android", "Prototype\Prototype.Android\Prototype.Android.csproj", "{4CD99F4A-4DAD-4937-B70B-46A1057E842D}"
EndProject
Project("{FAE04EC0-301F-11D3-BF4B-00C04F79EFBC}") = "Prototype.iOS", "Prototype\Prototype.iOS\Prototype.iOS.csproj", "{54181412-2709-414A-901F-E66FD6F4328D}"
EndProject
Project("{FAE04EC0-301F-11D3-BF4B-00C04F79EFBC}") = "Prototype.UWP", "Prototype\Prototype.UWP\Prototype.UWP.csproj", "{DB8A585E-64D6-49CE-9205-18DCA2E7A653}"
EndProject
Global
	GlobalSection(SharedMSBuildProjectFiles) = preSolution
		Prototype\Prototype\Prototype.projitems*{4cd99f4a-4dad-4937-b70b-46a1057e842d}*SharedItemsImports = 4
		Prototype\Prototype\Prototype.projitems*{54181412-2709-414a-901f-e66fd6f4328d}*SharedItemsImports = 4
		Prototype\Prototype\Prototype.projitems*{d76c2666-f5ad-4c5a-a3e5-b4b0c6a18560}*SharedItemsImports = 13
		Prototype\Prototype\Prototype.projitems*{db8a585e-64d6-49ce-9205-18dca2e7a653}*SharedItemsImports = 4
	EndGlobalSection
	GlobalSection(SolutionConfigurationPlatforms) = preSolution
		Ad-Hoc|Any CPU = Ad-Hoc|Any CPU
		Ad-Hoc|ARM = Ad-Hoc|ARM
		Ad-Hoc|iPhone = Ad-Hoc|iPhone
		Ad-Hoc|iPhoneSimulator = Ad-Hoc|iPhoneSimulator
		Ad-Hoc|x64 = Ad-Hoc|x64
		Ad-Hoc|x86 = Ad-Hoc|x86
		AppStore|Any CPU = AppStore|Any CPU
		AppStore|ARM = AppStore|ARM
		AppStore|iPhone = AppStore|iPhone
		AppStore|iPhoneSimulator = AppStore|iPhoneSimulator
		AppStore|x64 = AppStore|x64
		AppStore|x86 = AppStore|x86
		Debug|Any CPU = Debug|Any CPU
		Debug|ARM = Debug|ARM
		Debug|iPhone = Debug|iPhone
		Debug|iPhoneSimulator = Debug|iPhoneSimulator
		Debug|x64 = Debug|x64
		Debug|x86 = Debug|x86
		Release|Any CPU = Release|Any CPU
		Release|ARM = Release|ARM
		Release|iPhone = Release|iPhone
		Release|iPhoneSimulator = Release|iPhoneSimulator
		Release|x64 = Release|x64
		Release|x86 = Release|x86
	EndGlobalSection
	GlobalSection(ProjectConfigurationPlatforms) = postSolution
		{4CD99F4A-4DAD-4937-B70B-46A1057E842D}.Ad-Hoc|Any CPU.ActiveCfg = Release|Any CPU
		{4CD99F4A-4DAD-4937-B70B-46A1057E842D}.Ad-Hoc|Any CPU.Build.0 = Release|Any CPU
		{4CD99F4A-4DAD-4937-B70B-46A1057E842D}.Ad-Hoc|Any CPU.Deploy.0 = Release|Any CPU
		{4CD99F4A-4DAD-4937-B70B-46A1057E842D}.Ad-Hoc|ARM.ActiveCfg = Release|Any CPU
		{4CD99F4A-4DAD-4937-B70B-46A1057E842D}.Ad-Hoc|ARM.Build.0 = Release|Any CPU
		{4CD99F4A-4DAD-4937-B70B-46A1057E842D}.Ad-Hoc|ARM.Deploy.0 = Release|Any CPU
		{4CD99F4A-4DAD-4937-B70B-46A1057E842D}.Ad-Hoc|iPhone.ActiveCfg = Release|Any CPU
		{4CD99F4A-4DAD-4937-B70B-46A1057E842D}.Ad-Hoc|iPhone.Build.0 = Release|Any CPU
		{4CD99F4A-4DAD-4937-B70B-46A1057E842D}.Ad-Hoc|iPhone.Deploy.0 = Release|Any CPU
		{4CD99F4A-4DAD-4937-B70B-46A1057E842D}.Ad-Hoc|iPhoneSimulator.ActiveCfg = Release|Any CPU
		{4CD99F4A-4DAD-4937-B70B-46A1057E842D}.Ad-Hoc|iPhoneSimulator.Build.0 = Release|Any CPU
		{4CD99F4A-4DAD-4937-B70B-46A1057E842D}.Ad-Hoc|iPhoneSimulator.Deploy.0 = Release|Any CPU
		{4CD99F4A-4DAD-4937-B70B-46A1057E842D}.Ad-Hoc|x64.ActiveCfg = Release|Any CPU
		{4CD99F4A-4DAD-4937-B70B-46A1057E842D}.Ad-Hoc|x64.Build.0 = Release|Any CPU
		{4CD99F4A-4DAD-4937-B70B-46A1057E842D}.Ad-Hoc|x64.Deploy.0 = Release|Any CPU
		{4CD99F4A-4DAD-4937-B70B-46A1057E842D}.Ad-Hoc|x86.ActiveCfg = Release|Any CPU
		{4CD99F4A-4DAD-4937-B70B-46A1057E842D}.Ad-Hoc|x86.Build.0 = Release|Any CPU
		{4CD99F4A-4DAD-4937-B70B-46A1057E842D}.Ad-Hoc|x86.Deploy.0 = Release|Any CPU
		{4CD99F4A-4DAD-4937-B70B-46A1057E842D}.AppStore|Any CPU.ActiveCfg = Release|Any CPU
		{4CD99F4A-4DAD-4937-B70B-46A1057E842D}.AppStore|Any CPU.Build.0 = Release|Any CPU
		{4CD99F4A-4DAD-4937-B70B-46A1057E842D}.AppStore|Any CPU.Deploy.0 = Release|Any CPU
		{4CD99F4A-4DAD-4937-B70B-46A1057E842D}.AppStore|ARM.ActiveCfg = Release|Any CPU
		{4CD99F4A-4DAD-4937-B70B-46A1057E842D}.AppStore|ARM.Build.0 = Release|Any CPU
		{4CD99F4A-4DAD-4937-B70B-46A1057E842D}.AppStore|ARM.Deploy.0 = Release|Any CPU
		{4CD99F4A-4DAD-4937-B70B-46A1057E842D}.AppStore|iPhone.ActiveCfg = Release|Any CPU
		{4CD99F4A-4DAD-4937-B70B-46A1057E842D}.AppStore|iPhone.Build.0 = Release|Any CPU
		{4CD99F4A-4DAD-4937-B70B-46A1057E842D}.AppStore|iPhone.Deploy.0 = Release|Any CPU
		{4CD99F4A-4DAD-4937-B70B-46A1057E842D}.AppStore|iPhoneSimulator.ActiveCfg = Release|Any CPU
		{4CD99F4A-4DAD-4937-B70B-46A1057E842D}.AppStore|iPhoneSimulator.Build.0 = Release|Any CPU
		{4CD99F4A-4DAD-4937-B70B-46A1057E842D}.AppStore|iPhoneSimulator.Deploy.0 = Release|Any CPU
		{4CD99F4A-4DAD-4937-B70B-46A1057E842D}.AppStore|x64.ActiveCfg = Release|Any CPU
		{4CD99F4A-4DAD-4937-B70B-46A1057E842D}.AppStore|x64.Build.0 = Release|Any CPU
		{4CD99F4A-4DAD-4937-B70B-46A1057E842D}.AppStore|x64.Deploy.0 = Release|Any CPU
		{4CD99F4A-4DAD-4937-B70B-46A1057E842D}.AppStore|x86.ActiveCfg = Release|Any CPU
		{4CD99F4A-4DAD-4937-B70B-46A1057E842D}.AppStore|x86.Build.0 = Release|Any CPU
		{4CD99F4A-4DAD-4937-B70B-46A1057E842D}.AppStore|x86.Deploy.0 = Release|Any CPU
		{4CD99F4A-4DAD-4937-B70B-46A1057E842D}.Debug|Any CPU.ActiveCfg = Debug|Any CPU
		{4CD99F4A-4DAD-4937-B70B-46A1057E842D}.Debug|Any CPU.Build.0 = Debug|Any CPU
		{4CD99F4A-4DAD-4937-B70B-46A1057E842D}.Debug|Any CPU.Deploy.0 = Debug|Any CPU
		{4CD99F4A-4DAD-4937-B70B-46A1057E842D}.Debug|ARM.ActiveCfg = Debug|Any CPU
		{4CD99F4A-4DAD-4937-B70B-46A1057E842D}.Debug|ARM.Build.0 = Debug|Any CPU
		{4CD99F4A-4DAD-4937-B70B-46A1057E842D}.Debug|ARM.Deploy.0 = Debug|Any CPU
		{4CD99F4A-4DAD-4937-B70B-46A1057E842D}.Debug|iPhone.ActiveCfg = Debug|Any CPU
		{4CD99F4A-4DAD-4937-B70B-46A1057E842D}.Debug|iPhone.Build.0 = Debug|Any CPU
		{4CD99F4A-4DAD-4937-B70B-46A1057E842D}.Debug|iPhone.Deploy.0 = Debug|Any CPU
		{4CD99F4A-4DAD-4937-B70B-46A1057E842D}.Debug|iPhoneSimulator.ActiveCfg = Debug|Any CPU
		{4CD99F4A-4DAD-4937-B70B-46A1057E842D}.Debug|iPhoneSimulator.Build.0 = Debug|Any CPU
		{4CD99F4A-4DAD-4937-B70B-46A1057E842D}.Debug|iPhoneSimulator.Deploy.0 = Debug|Any CPU
		{4CD99F4A-4DAD-4937-B70B-46A1057E842D}.Debug|x64.ActiveCfg = Debug|Any CPU
		{4CD99F4A-4DAD-4937-B70B-46A1057E842D}.Debug|x64.Build.0 = Debug|Any CPU
		{4CD99F4A-4DAD-4937-B70B-46A1057E842D}.Debug|x64.Deploy.0 = Debug|Any CPU
		{4CD99F4A-4DAD-4937-B70B-46A1057E842D}.Debug|x86.ActiveCfg = Debug|Any CPU
		{4CD99F4A-4DAD-4937-B70B-46A1057E842D}.Debug|x86.Build.0 = Debug|Any CPU
		{4CD99F4A-4DAD-4937-B70B-46A1057E842D}.Debug|x86.Deploy.0 = Debug|Any CPU
		{4CD99F4A-4DAD-4937-B70B-46A1057E842D}.Release|Any CPU.ActiveCfg = Release|Any CPU
		{4CD99F4A-4DAD-4937-B70B-46A1057E842D}.Release|Any CPU.Build.0 = Release|Any CPU
		{4CD99F4A-4DAD-4937-B70B-46A1057E842D}.Release|Any CPU.Deploy.0 = Release|Any CPU
		{4CD99F4A-4DAD-4937-B70B-46A1057E842D}.Release|ARM.ActiveCfg = Release|Any CPU
		{4CD99F4A-4DAD-4937-B70B-46A1057E842D}.Release|ARM.Build.0 = Release|Any CPU
		{4CD99F4A-4DAD-4937-B70B-46A1057E842D}.Release|ARM.Deploy.0 = Release|Any CPU
		{4CD99F4A-4DAD-4937-B70B-46A1057E842D}.Release|iPhone.ActiveCfg = Release|Any CPU
		{4CD99F4A-4DAD-4937-B70B-46A1057E842D}.Release|iPhone.Build.0 = Release|Any CPU
		{4CD99F4A-4DAD-4937-B70B-46A1057E842D}.Release|iPhone.Deploy.0 = Release|Any CPU
		{4CD99F4A-4DAD-4937-B70B-46A1057E842D}.Release|iPhoneSimulator.ActiveCfg = Release|Any CPU
		{4CD99F4A-4DAD-4937-B70B-46A1057E842D}.Release|iPhoneSimulator.Build.0 = Release|Any CPU
		{4CD99F4A-4DAD-4937-B70B-46A1057E842D}.Release|iPhoneSimulator.Deploy.0 = Release|Any CPU
		{4CD99F4A-4DAD-4937-B70B-46A1057E842D}.Release|x64.ActiveCfg = Release|Any CPU
		{4CD99F4A-4DAD-4937-B70B-46A1057E842D}.Release|x64.Build.0 = Release|Any CPU
		{4CD99F4A-4DAD-4937-B70B-46A1057E842D}.Release|x64.Deploy.0 = Release|Any CPU
		{4CD99F4A-4DAD-4937-B70B-46A1057E842D}.Release|x86.ActiveCfg = Release|Any CPU
		{4CD99F4A-4DAD-4937-B70B-46A1057E842D}.Release|x86.Build.0 = Release|Any CPU
		{4CD99F4A-4DAD-4937-B70B-46A1057E842D}.Release|x86.Deploy.0 = Release|Any CPU
		{54181412-2709-414A-901F-E66FD6F4328D}.Ad-Hoc|Any CPU.ActiveCfg = Ad-Hoc|iPhone
		{54181412-2709-414A-901F-E66FD6F4328D}.Ad-Hoc|ARM.ActiveCfg = Ad-Hoc|iPhone
		{54181412-2709-414A-901F-E66FD6F4328D}.Ad-Hoc|iPhone.ActiveCfg = Ad-Hoc|iPhone
		{54181412-2709-414A-901F-E66FD6F4328D}.Ad-Hoc|iPhone.Build.0 = Ad-Hoc|iPhone
		{54181412-2709-414A-901F-E66FD6F4328D}.Ad-Hoc|iPhoneSimulator.ActiveCfg = Ad-Hoc|iPhoneSimulator
		{54181412-2709-414A-901F-E66FD6F4328D}.Ad-Hoc|iPhoneSimulator.Build.0 = Ad-Hoc|iPhoneSimulator
		{54181412-2709-414A-901F-E66FD6F4328D}.Ad-Hoc|x64.ActiveCfg = Ad-Hoc|iPhone
		{54181412-2709-414A-901F-E66FD6F4328D}.Ad-Hoc|x86.ActiveCfg = Ad-Hoc|iPhone
		{54181412-2709-414A-901F-E66FD6F4328D}.AppStore|Any CPU.ActiveCfg = AppStore|iPhone
		{54181412-2709-414A-901F-E66FD6F4328D}.AppStore|ARM.ActiveCfg = AppStore|iPhone
		{54181412-2709-414A-901F-E66FD6F4328D}.AppStore|iPhone.ActiveCfg = AppStore|iPhone
		{54181412-2709-414A-901F-E66FD6F4328D}.AppStore|iPhone.Build.0 = AppStore|iPhone
		{54181412-2709-414A-901F-E66FD6F4328D}.AppStore|iPhoneSimulator.ActiveCfg = AppStore|iPhoneSimulator
		{54181412-2709-414A-901F-E66FD6F4328D}.AppStore|iPhoneSimulator.Build.0 = AppStore|iPhoneSimulator
		{54181412-2709-414A-901F-E66FD6F4328D}.AppStore|x64.ActiveCfg = AppStore|iPhone
		{54181412-2709-414A-901F-E66FD6F4328D}.AppStore|x86.ActiveCfg = AppStore|iPhone
		{54181412-2709-414A-901F-E66FD6F4328D}.Debug|Any CPU.ActiveCfg = Debug|iPhone
		{54181412-2709-414A-901F-E66FD6F4328D}.Debug|ARM.ActiveCfg = Debug|iPhone
		{54181412-2709-414A-901F-E66FD6F4328D}.Debug|iPhone.ActiveCfg = Debug|iPhone
		{54181412-2709-414A-901F-E66FD6F4328D}.Debug|iPhone.Build.0 = Debug|iPhone
		{54181412-2709-414A-901F-E66FD6F4328D}.Debug|iPhoneSimulator.ActiveCfg = Debug|iPhoneSimulator
		{54181412-2709-414A-901F-E66FD6F4328D}.Debug|iPhoneSimulator.Build.0 = Debug|iPhoneSimulator
		{54181412-2709-414A-901F-E66FD6F4328D}.Debug|x64.ActiveCfg = Debug|iPhone
		{54181412-2709-414A-901F-E66FD6F4328D}.Debug|x86.ActiveCfg = Debug|iPhone
		{54181412-2709-414A-901F-E66FD6F4328D}.Release|Any CPU.ActiveCfg = Release|iPhone
		{54181412-2709-414A-901F-E66FD6F4328D}.Release|ARM.ActiveCfg = Release|iPhone
		{54181412-2709-414A-901F-E66FD6F4328D}.Release|iPhone.ActiveCfg = Release|iPhone
		{54181412-2709-414A-901F-E66FD6F4328D}.Release|iPhone.Build.0 = Release|iPhone
		{54181412-2709-414A-901F-E66FD6F4328D}.Release|iPhoneSimulator.ActiveCfg = Release|iPhoneSimulator
		{54181412-2709-414A-901F-E66FD6F4328D}.Release|iPhoneSimulator.Build.0 = Release|iPhoneSimulator
		{54181412-2709-414A-901F-E66FD6F4328D}.Release|x64.ActiveCfg = Release|iPhone
		{54181412-2709-414A-901F-E66FD6F4328D}.Release|x86.ActiveCfg = Release|iPhone
		{DB8A585E-64D6-49CE-9205-18DCA2E7A653}.Ad-Hoc|Any CPU.ActiveCfg = Release|x86
		{DB8A585E-64D6-49CE-9205-18DCA2E7A653}.Ad-Hoc|Any CPU.Build.0 = Release|x86
		{DB8A585E-64D6-49CE-9205-18DCA2E7A653}.Ad-Hoc|Any CPU.Deploy.0 = Release|x86
		{DB8A585E-64D6-49CE-9205-18DCA2E7A653}.Ad-Hoc|ARM.ActiveCfg = Release|ARM
		{DB8A585E-64D6-49CE-9205-18DCA2E7A653}.Ad-Hoc|ARM.Build.0 = Release|ARM
		{DB8A585E-64D6-49CE-9205-18DCA2E7A653}.Ad-Hoc|ARM.Deploy.0 = Release|ARM
		{DB8A585E-64D6-49CE-9205-18DCA2E7A653}.Ad-Hoc|iPhone.ActiveCfg = Release|x86
		{DB8A585E-64D6-49CE-9205-18DCA2E7A653}.Ad-Hoc|iPhone.Build.0 = Release|x86
		{DB8A585E-64D6-49CE-9205-18DCA2E7A653}.Ad-Hoc|iPhone.Deploy.0 = Release|x86
		{DB8A585E-64D6-49CE-9205-18DCA2E7A653}.Ad-Hoc|iPhoneSimulator.ActiveCfg = Release|x86
		{DB8A585E-64D6-49CE-9205-18DCA2E7A653}.Ad-Hoc|iPhoneSimulator.Build.0 = Release|x86
		{DB8A585E-64D6-49CE-9205-18DCA2E7A653}.Ad-Hoc|iPhoneSimulator.Deploy.0 = Release|x86
		{DB8A585E-64D6-49CE-9205-18DCA2E7A653}.Ad-Hoc|x64.ActiveCfg = Release|x64
		{DB8A585E-64D6-49CE-9205-18DCA2E7A653}.Ad-Hoc|x64.Build.0 = Release|x64
		{DB8A585E-64D6-49CE-9205-18DCA2E7A653}.Ad-Hoc|x64.Deploy.0 = Release|x64
		{DB8A585E-64D6-49CE-9205-18DCA2E7A653}.Ad-Hoc|x86.ActiveCfg = Release|x86
		{DB8A585E-64D6-49CE-9205-18DCA2E7A653}.Ad-Hoc|x86.Build.0 = Release|x86
		{DB8A585E-64D6-49CE-9205-18DCA2E7A653}.Ad-Hoc|x86.Deploy.0 = Release|x86
		{DB8A585E-64D6-49CE-9205-18DCA2E7A653}.AppStore|Any CPU.ActiveCfg = Release|x86
		{DB8A585E-64D6-49CE-9205-18DCA2E7A653}.AppStore|Any CPU.Build.0 = Release|x86
		{DB8A585E-64D6-49CE-9205-18DCA2E7A653}.AppStore|Any CPU.Deploy.0 = Release|x86
		{DB8A585E-64D6-49CE-9205-18DCA2E7A653}.AppStore|ARM.ActiveCfg = Release|ARM
		{DB8A585E-64D6-49CE-9205-18DCA2E7A653}.AppStore|ARM.Build.0 = Release|ARM
		{DB8A585E-64D6-49CE-9205-18DCA2E7A653}.AppStore|ARM.Deploy.0 = Release|ARM
		{DB8A585E-64D6-49CE-9205-18DCA2E7A653}.AppStore|iPhone.ActiveCfg = Release|x86
		{DB8A585E-64D6-49CE-9205-18DCA2E7A653}.AppStore|iPhone.Build.0 = Release|x86
		{DB8A585E-64D6-49CE-9205-18DCA2E7A653}.AppStore|iPhone.Deploy.0 = Release|x86
		{DB8A585E-64D6-49CE-9205-18DCA2E7A653}.AppStore|iPhoneSimulator.ActiveCfg = Release|x86
		{DB8A585E-64D6-49CE-9205-18DCA2E7A653}.AppStore|iPhoneSimulator.Build.0 = Release|x86
		{DB8A585E-64D6-49CE-9205-18DCA2E7A653}.AppStore|iPhoneSimulator.Deploy.0 = Release|x86
		{DB8A585E-64D6-49CE-9205-18DCA2E7A653}.AppStore|x64.ActiveCfg = Release|x64
		{DB8A585E-64D6-49CE-9205-18DCA2E7A653}.AppStore|x64.Build.0 = Release|x64
		{DB8A585E-64D6-49CE-9205-18DCA2E7A653}.AppStore|x64.Deploy.0 = Release|x64
		{DB8A585E-64D6-49CE-9205-18DCA2E7A653}.AppStore|x86.ActiveCfg = Release|x86
		{DB8A585E-64D6-49CE-9205-18DCA2E7A653}.AppStore|x86.Build.0 = Release|x86
		{DB8A585E-64D6-49CE-9205-18DCA2E7A653}.AppStore|x86.Deploy.0 = Release|x86
		{DB8A585E-64D6-49CE-9205-18DCA2E7A653}.Debug|Any CPU.ActiveCfg = Debug|x86
		{DB8A585E-64D6-49CE-9205-18DCA2E7A653}.Debug|ARM.ActiveCfg = Debug|ARM
		{DB8A585E-64D6-49CE-9205-18DCA2E7A653}.Debug|ARM.Build.0 = Debug|ARM
		{DB8A585E-64D6-49CE-9205-18DCA2E7A653}.Debug|ARM.Deploy.0 = Debug|ARM
		{DB8A585E-64D6-49CE-9205-18DCA2E7A653}.Debug|iPhone.ActiveCfg = Debug|x86
		{DB8A585E-64D6-49CE-9205-18DCA2E7A653}.Debug|iPhoneSimulator.ActiveCfg = Debug|x86
		{DB8A585E-64D6-49CE-9205-18DCA2E7A653}.Debug|x64.ActiveCfg = Debug|x64
		{DB8A585E-64D6-49CE-9205-18DCA2E7A653}.Debug|x64.Build.0 = Debug|x64
		{DB8A585E-64D6-49CE-9205-18DCA2E7A653}.Debug|x64.Deploy.0 = Debug|x64
		{DB8A585E-64D6-49CE-9205-18DCA2E7A653}.Debug|x86.ActiveCfg = Debug|x86
		{DB8A585E-64D6-49CE-9205-18DCA2E7A653}.Debug|x86.Build.0 = Debug|x86
		{DB8A585E-64D6-49CE-9205-18DCA2E7A653}.Debug|x86.Deploy.0 = Debug|x86
		{DB8A585E-64D6-49CE-9205-18DCA2E7A653}.Release|Any CPU.ActiveCfg = Release|x86
		{DB8A585E-64D6-49CE-9205-18DCA2E7A653}.Release|ARM.ActiveCfg = Release|ARM
		{DB8A585E-64D6-49CE-9205-18DCA2E7A653}.Release|ARM.Build.0 = Release|ARM
		{DB8A585E-64D6-49CE-9205-18DCA2E7A653}.Release|ARM.Deploy.0 = Release|ARM
		{DB8A585E-64D6-49CE-9205-18DCA2E7A653}.Release|iPhone.ActiveCfg = Release|x86
		{DB8A585E-64D6-49CE-9205-18DCA2E7A653}.Release|iPhoneSimulator.ActiveCfg = Release|x86
		{DB8A585E-64D6-49CE-9205-18DCA2E7A653}.Release|x64.ActiveCfg = Release|x64
		{DB8A585E-64D6-49CE-9205-18DCA2E7A653}.Release|x64.Build.0 = Release|x64
		{DB8A585E-64D6-49CE-9205-18DCA2E7A653}.Release|x64.Deploy.0 = Release|x64
		{DB8A585E-64D6-49CE-9205-18DCA2E7A653}.Release|x86.ActiveCfg = Release|x86
		{DB8A585E-64D6-49CE-9205-18DCA2E7A653}.Release|x86.Build.0 = Release|x86
		{DB8A585E-64D6-49CE-9205-18DCA2E7A653}.Release|x86.Deploy.0 = Release|x86
	EndGlobalSection
	GlobalSection(SolutionProperties) = preSolution
		HideSolutionNode = FALSE
	EndGlobalSection
EndGlobal
